Microsoft Visual Studio Solution File, Format Version 12.00
# Visual Studio Version 17
VisualStudioVersion = 17.5.2.0
MinimumVisualStudioVersion = 10.0.40219.1
Project("{FAE04EC0-301F-11D3-BF4B-00C04F79EFBC}") = "Spa_Vehiculos_api", "Spa_Vehiculos_api.csproj", "{E3929A45-3D91-5858-A80C-7C65FDE75378}"
EndProject
Global
	GlobalSection(SolutionConfigurationPlatforms) = preSolution
		Debug|Any CPU = Debug|Any CPU
		Release|Any CPU = Release|Any CPU
	EndGlobalSection
	GlobalSection(ProjectConfigurationPlatforms) = postSolution
		{E3929A45-3D91-5858-A80C-7C65FDE75378}.Debug|Any CPU.ActiveCfg = Debug|Any CPU
		{E3929A45-3D91-5858-A80C-7C65FDE75378}.Debug|Any CPU.Build.0 = Debug|Any CPU
		{E3929A45-3D91-5858-A80C-7C65FDE75378}.Release|Any CPU.ActiveCfg = Release|Any CPU
		{E3929A45-3D91-5858-A80C-7C65FDE75378}.Release|Any CPU.Build.0 = Release|Any CPU
	EndGlobalSection
	GlobalSection(SolutionProperties) = preSolution
		HideSolutionNode = FALSE
	EndGlobalSection
	GlobalSection(ExtensibilityGlobals) = postSolution
		SolutionGuid = {9321E5DB-1471-4F06-8E0C-6A0ADE02BC7B}
	EndGlobalSection
EndGlobal
